// !$*UTF8*$!
{
	archiveVersion = 1;
	classes = {
	};
	objectVersion = 46;
	objects = {

/* Begin PBXBuildFile section */
		E20F99FF16926520008B2E71 /* UIKit.framework in Frameworks */ = {isa = PBXBuildFile; fileRef = E20F99FE16926520008B2E71 /* UIKit.framework */; };
		E20F9A0116926520008B2E71 /* Foundation.framework in Frameworks */ = {isa = PBXBuildFile; fileRef = E20F9A0016926520008B2E71 /* Foundation.framework */; };
		E20F9A0316926520008B2E71 /* CoreGraphics.framework in Frameworks */ = {isa = PBXBuildFile; fileRef = E20F9A0216926520008B2E71 /* CoreGraphics.framework */; };
		E20F9A0916926520008B2E71 /* InfoPlist.strings in Resources */ = {isa = PBXBuildFile; fileRef = E20F9A0716926520008B2E71 /* InfoPlist.strings */; };
		E20F9A0B16926520008B2E71 /* main.m in Sources */ = {isa = PBXBuildFile; fileRef = E20F9A0A16926520008B2E71 /* main.m */; };
		E20F9A0F16926520008B2E71 /* AppDelegate.m in Sources */ = {isa = PBXBuildFile; fileRef = E20F9A0E16926520008B2E71 /* AppDelegate.m */; };
		E20F9A1116926520008B2E71 /* Default.png in Resources */ = {isa = PBXBuildFile; fileRef = E20F9A1016926520008B2E71 /* Default.png */; };
		E20F9A1316926520008B2E71 /* Default@2x.png in Resources */ = {isa = PBXBuildFile; fileRef = E20F9A1216926520008B2E71 /* Default@2x.png */; };
		E20F9A1516926520008B2E71 /* Default-568h@2x.png in Resources */ = {isa = PBXBuildFile; fileRef = E20F9A1416926520008B2E71 /* Default-568h@2x.png */; };
		E20F9A2116926562008B2E71 /* UIColor+MoreColors.m in Sources */ = {isa = PBXBuildFile; fileRef = E20F9A1F16926562008B2E71 /* UIColor+MoreColors.m */; };
		E20F9A2216926562008B2E71 /* UIColor+MoreColors.txt in Resources */ = {isa = PBXBuildFile; fileRef = E20F9A2016926562008B2E71 /* UIColor+MoreColors.txt */; };
		E20F9A251692658D008B2E71 /* MoreColorsTableViewController.m in Sources */ = {isa = PBXBuildFile; fileRef = E20F9A241692658D008B2E71 /* MoreColorsTableViewController.m */; };
/* End PBXBuildFile section */

/* Begin PBXFileReference section */
		E20F99FA16926520008B2E71 /* MoreColorsDemo.app */ = {isa = PBXFileReference; explicitFileType = wrapper.application; includeInIndex = 0; path = MoreColorsDemo.app; sourceTree = BUILT_PRODUCTS_DIR; };
		E20F99FE16926520008B2E71 /* UIKit.framework */ = {isa = PBXFileReference; lastKnownFileType = wrapper.framework; name = UIKit.framework; path = System/Library/Frameworks/UIKit.framework; sourceTree = SDKROOT; };
		E20F9A0016926520008B2E71 /* Foundation.framework */ = {isa = PBXFileReference; lastKnownFileType = wrapper.framework; name = Foundation.framework; path = System/Library/Frameworks/Foundation.framework; sourceTree = SDKROOT; };
		E20F9A0216926520008B2E71 /* CoreGraphics.framework */ = {isa = PBXFileReference; lastKnownFileType = wrapper.framework; name = CoreGraphics.framework; path = System/Library/Frameworks/CoreGraphics.framework; sourceTree = SDKROOT; };
		E20F9A0616926520008B2E71 /* MoreColorsDemo-Info.plist */ = {isa = PBXFileReference; lastKnownFileType = text.plist.xml; path = "MoreColorsDemo-Info.plist"; sourceTree = "<group>"; };
		E20F9A0816926520008B2E71 /* en */ = {isa = PBXFileReference; lastKnownFileType = text.plist.strings; name = en; path = en.lproj/InfoPlist.strings; sourceTree = "<group>"; };
		E20F9A0A16926520008B2E71 /* main.m */ = {isa = PBXFileReference; lastKnownFileType = sourcecode.c.objc; path = main.m; sourceTree = "<group>"; };
		E20F9A0C16926520008B2E71 /* MoreColorsDemo-Prefix.pch */ = {isa = PBXFileReference; lastKnownFileType = sourcecode.c.h; path = "MoreColorsDemo-Prefix.pch"; sourceTree = "<group>"; };
		E20F9A0D16926520008B2E71 /* AppDelegate.h */ = {isa = PBXFileReference; lastKnownFileType = sourcecode.c.h; path = AppDelegate.h; sourceTree = "<group>"; };
		E20F9A0E16926520008B2E71 /* AppDelegate.m */ = {isa = PBXFileReference; lastKnownFileType = sourcecode.c.objc; path = AppDelegate.m; sourceTree = "<group>"; };
		E20F9A1016926520008B2E71 /* Default.png */ = {isa = PBXFileReference; lastKnownFileType = image.png; path = Default.png; sourceTree = "<group>"; };
		E20F9A1216926520008B2E71 /* Default@2x.png */ = {isa = PBXFileReference; lastKnownFileType = image.png; path = "Default@2x.png"; sourceTree = "<group>"; };
		E20F9A1416926520008B2E71 /* Default-568h@2x.png */ = {isa = PBXFileReference; lastKnownFileType = image.png; path = "Default-568h@2x.png"; sourceTree = "<group>"; };
		E20F9A1E16926562008B2E71 /* UIColor+MoreColors.h */ = {isa = PBXFileReference; fileEncoding = 4; lastKnownFileType = sourcecode.c.h; path = "UIColor+MoreColors.h"; sourceTree = "<group>"; };
		E20F9A1F16926562008B2E71 /* UIColor+MoreColors.m */ = {isa = PBXFileReference; fileEncoding = 4; lastKnownFileType = sourcecode.c.objc; path = "UIColor+MoreColors.m"; sourceTree = "<group>"; };
		E20F9A2016926562008B2E71 /* UIColor+MoreColors.txt */ = {isa = PBXFileReference; fileEncoding = 4; lastKnownFileType = text; path = "UIColor+MoreColors.txt"; sourceTree = "<group>"; };
		E20F9A231692658D008B2E71 /* MoreColorsTableViewController.h */ = {isa = PBXFileReference; fileEncoding = 4; lastKnownFileType = sourcecode.c.h; path = MoreColorsTableViewController.h; sourceTree = "<group>"; };
		E20F9A241692658D008B2E71 /* MoreColorsTableViewController.m */ = {isa = PBXFileReference; fileEncoding = 4; lastKnownFileType = sourcecode.c.objc; path = MoreColorsTableViewController.m; sourceTree = "<group>"; };
/* End PBXFileReference section */

/* Begin PBXFrameworksBuildPhase section */
		E20F99F716926520008B2E71 /* Frameworks */ = {
			isa = PBXFrameworksBuildPhase;
			buildActionMask = 2147483647;
			files = (
				E20F99FF16926520008B2E71 /* UIKit.framework in Frameworks */,
				E20F9A0116926520008B2E71 /* Foundation.framework in Frameworks */,
				E20F9A0316926520008B2E71 /* CoreGraphics.framework in Frameworks */,
			);
			runOnlyForDeploymentPostprocessing = 0;
		};
/* End PBXFrameworksBuildPhase section */

/* Begin PBXGroup section */
		E20F99EF16926520008B2E71 = {
			isa = PBXGroup;
			children = (
				E20F9A0416926520008B2E71 /* MoreColorsDemo */,
				E20F99FD16926520008B2E71 /* Frameworks */,
				E20F99FB16926520008B2E71 /* Products */,
			);
			sourceTree = "<group>";
		};
		E20F99FB16926520008B2E71 /* Products */ = {
			isa = PBXGroup;
			children = (
				E20F99FA16926520008B2E71 /* MoreColorsDemo.app */,
			);
			name = Products;
			sourceTree = "<group>";
		};
		E20F99FD16926520008B2E71 /* Frameworks */ = {
			isa = PBXGroup;
			children = (
				E20F99FE16926520008B2E71 /* UIKit.framework */,
				E20F9A0016926520008B2E71 /* Foundation.framework */,
				E20F9A0216926520008B2E71 /* CoreGraphics.framework */,
			);
			name = Frameworks;
			sourceTree = "<group>";
		};
		E20F9A0416926520008B2E71 /* MoreColorsDemo */ = {
			isa = PBXGroup;
			children = (
				E20F9A1C16926541008B2E71 /* Resources */,
				E20F9A1D16926548008B2E71 /* Categories */,
				E20F9A1B1692653D008B2E71 /* UI */,
				E20F9A0516926520008B2E71 /* Supporting Files */,
			);
			path = MoreColorsDemo;
			sourceTree = "<group>";
		};
		E20F9A0516926520008B2E71 /* Supporting Files */ = {
			isa = PBXGroup;
			children = (
				E20F9A0D16926520008B2E71 /* AppDelegate.h */,
				E20F9A0E16926520008B2E71 /* AppDelegate.m */,
				E20F9A0616926520008B2E71 /* MoreColorsDemo-Info.plist */,
				E20F9A0716926520008B2E71 /* InfoPlist.strings */,
				E20F9A0A16926520008B2E71 /* main.m */,
				E20F9A0C16926520008B2E71 /* MoreColorsDemo-Prefix.pch */,
				E20F9A1016926520008B2E71 /* Default.png */,
				E20F9A1216926520008B2E71 /* Default@2x.png */,
				E20F9A1416926520008B2E71 /* Default-568h@2x.png */,
			);
			name = "Supporting Files";
			sourceTree = "<group>";
		};
		E20F9A1B1692653D008B2E71 /* UI */ = {
			isa = PBXGroup;
			children = (
				E20F9A231692658D008B2E71 /* MoreColorsTableViewController.h */,
				E20F9A241692658D008B2E71 /* MoreColorsTableViewController.m */,
			);
			name = UI;
			sourceTree = "<group>";
		};
		E20F9A1C16926541008B2E71 /* Resources */ = {
			isa = PBXGroup;
			children = (
				E20F9A2016926562008B2E71 /* UIColor+MoreColors.txt */,
			);
			name = Resources;
			sourceTree = "<group>";
		};
		E20F9A1D16926548008B2E71 /* Categories */ = {
			isa = PBXGroup;
			children = (
				E20F9A1E16926562008B2E71 /* UIColor+MoreColors.h */,
				E20F9A1F16926562008B2E71 /* UIColor+MoreColors.m */,
			);
			name = Categories;
			sourceTree = "<group>";
		};
/* End PBXGroup section */

/* Begin PBXNativeTarget section */
		E20F99F916926520008B2E71 /* MoreColorsDemo */ = {
			isa = PBXNativeTarget;
			buildConfigurationList = E20F9A1816926520008B2E71 /* Build configuration list for PBXNativeTarget "MoreColorsDemo" */;
			buildPhases = (
				E20F99F616926520008B2E71 /* Sources */,
				E20F99F716926520008B2E71 /* Frameworks */,
				E20F99F816926520008B2E71 /* Resources */,
			);
			buildRules = (
			);
			dependencies = (
			);
			name = MoreColorsDemo;
			productName = MoreColorsDemo;
			productReference = E20F99FA16926520008B2E71 /* MoreColorsDemo.app */;
			productType = "com.apple.product-type.application";
		};
/* End PBXNativeTarget section */

/* Begin PBXProject section */
		E20F99F116926520008B2E71 /* Project object */ = {
			isa = PBXProject;
			attributes = {
				LastUpgradeCheck = 0450;
				ORGANIZATIONNAME = "Duchy Software";
			};
			buildConfigurationList = E20F99F416926520008B2E71 /* Build configuration list for PBXProject "MoreColorsDemo" */;
			compatibilityVersion = "Xcode 3.2";
			developmentRegion = English;
			hasScannedForEncodings = 0;
			knownRegions = (
				en,
			);
			mainGroup = E20F99EF16926520008B2E71;
			productRefGroup = E20F99FB16926520008B2E71 /* Products */;
			projectDirPath = "";
			projectRoot = "";
			targets = (
				E20F99F916926520008B2E71 /* MoreColorsDemo */,
			);
		};
/* End PBXProject section */

/* Begin PBXResourcesBuildPhase section */
		E20F99F816926520008B2E71 /* Resources */ = {
			isa = PBXResourcesBuildPhase;
			buildActionMask = 2147483647;
			files = (
				E20F9A0916926520008B2E71 /* InfoPlist.strings in Resources */,
				E20F9A1116926520008B2E71 /* Default.png in Resources */,
				E20F9A1316926520008B2E71 /* Default@2x.png in Resources */,
				E20F9A1516926520008B2E71 /* Default-568h@2x.png in Resources */,
				E20F9A2216926562008B2E71 /* UIColor+MoreColors.txt in Resources */,
			);
			runOnlyForDeploymentPostprocessing = 0;
		};
/* End PBXResourcesBuildPhase section */

/* Begin PBXSourcesBuildPhase section */
		E20F99F616926520008B2E71 /* Sources */ = {
			isa = PBXSourcesBuildPhase;
			buildActionMask = 2147483647;
			files = (
				E20F9A0B16926520008B2E71 /* main.m in Sources */,
				E20F9A0F16926520008B2E71 /* AppDelegate.m in Sources */,
				E20F9A2116926562008B2E71 /* UIColor+MoreColors.m in Sources */,
				E20F9A251692658D008B2E71 /* MoreColorsTableViewController.m in Sources */,
			);
			runOnlyForDeploymentPostprocessing = 0;
		};
/* End PBXSourcesBuildPhase section */

/* Begin PBXVariantGroup section */
		E20F9A0716926520008B2E71 /* InfoPlist.strings */ = {
			isa = PBXVariantGroup;
			children = (
				E20F9A0816926520008B2E71 /* en */,
			);
			name = InfoPlist.strings;
			sourceTree = "<group>";
		};
/* End PBXVariantGroup section */

/* Begin XCBuildConfiguration section */
		E20F9A1616926520008B2E71 /* Debug */ = {
			isa = XCBuildConfiguration;
			buildSettings = {
				ALWAYS_SEARCH_USER_PATHS = NO;
				CLANG_CXX_LANGUAGE_STANDARD = "gnu++0x";
				CLANG_CXX_LIBRARY = "libc++";
				CLANG_ENABLE_OBJC_ARC = YES;
				CLANG_WARN_EMPTY_BODY = YES;
				CLANG_WARN__DUPLICATE_METHOD_MATCH = YES;
				"CODE_SIGN_IDENTITY[sdk=iphoneos*]" = "iPhone Developer";
				COPY_PHASE_STRIP = NO;
				GCC_C_LANGUAGE_STANDARD = gnu99;
				GCC_DYNAMIC_NO_PIC = NO;
				GCC_OPTIMIZATION_LEVEL = 0;
				GCC_PREPROCESSOR_DEFINITIONS = (
					"DEBUG=1",
					"$(inherited)",
				);
				GCC_SYMBOLS_PRIVATE_EXTERN = NO;
				GCC_WARN_ABOUT_RETURN_TYPE = YES;
				GCC_WARN_UNINITIALIZED_AUTOS = YES;
				GCC_WARN_UNUSED_VARIABLE = YES;
				IPHONEOS_DEPLOYMENT_TARGET = 6.0;
				ONLY_ACTIVE_ARCH = YES;
				SDKROOT = iphoneos;
				TARGETED_DEVICE_FAMILY = "1,2";
			};
			name = Debug;
		};
		E20F9A1716926520008B2E71 /* Release */ = {
			isa = XCBuildConfiguration;
			buildSettings = {
				ALWAYS_SEARCH_USER_PATHS = NO;
				CLANG_CXX_LANGUAGE_STANDARD = "gnu++0x";
				CLANG_CXX_LIBRARY = "libc++";
				CLANG_ENABLE_OBJC_ARC = YES;
				CLANG_WARN_EMPTY_BODY = YES;
				CLANG_WARN__DUPLICATE_METHOD_MATCH = YES;
				"CODE_SIGN_IDENTITY[sdk=iphoneos*]" = "iPhone Developer";
				COPY_PHASE_STRIP = YES;
				GCC_C_LANGUAGE_STANDARD = gnu99;
				GCC_WARN_ABOUT_RETURN_TYPE = YES;
				GCC_WARN_UNINITIALIZED_AUTOS = YES;
				GCC_WARN_UNUSED_VARIABLE = YES;
				IPHONEOS_DEPLOYMENT_TARGET = 6.0;
				OTHER_CFLAGS = "-DNS_BLOCK_ASSERTIONS=1";
				SDKROOT = iphoneos;
				TARGETED_DEVICE_FAMILY = "1,2";
				VALIDATE_PRODUCT = YES;
			};
			name = Release;
		};
		E20F9A1916926520008B2E71 /* Debug */ = {
			isa = XCBuildConfiguration;
			buildSettings = {
				GCC_PRECOMPILE_PREFIX_HEADER = YES;
				GCC_PREFIX_HEADER = "MoreColorsDemo/MoreColorsDemo-Prefix.pch";
				INFOPLIST_FILE = "MoreColorsDemo/MoreColorsDemo-Info.plist";
				IPHONEOS_DEPLOYMENT_TARGET = 4.3;
				PRODUCT_NAME = "$(TARGET_NAME)";
				WRAPPER_EXTENSION = app;
			};
			name = Debug;
		};
		E20F9A1A16926520008B2E71 /* Release */ = {
			isa = XCBuildConfiguration;
			buildSettings = {
				GCC_PRECOMPILE_PREFIX_HEADER = YES;
				GCC_PREFIX_HEADER = "MoreColorsDemo/MoreColorsDemo-Prefix.pch";
				INFOPLIST_FILE = "MoreColorsDemo/MoreColorsDemo-Info.plist";
				IPHONEOS_DEPLOYMENT_TARGET = 4.3;
				PRODUCT_NAME = "$(TARGET_NAME)";
				WRAPPER_EXTENSION = app;
			};
			name = Release;
		};
/* End XCBuildConfiguration section */

/* Begin XCConfigurationList section */
		E20F99F416926520008B2E71 /* Build configuration list for PBXProject "MoreColorsDemo" */ = {
			isa = XCConfigurationList;
			buildConfigurations = (
				E20F9A1616926520008B2E71 /* Debug */,
				E20F9A1716926520008B2E71 /* Release */,
			);
			defaultConfigurationIsVisible = 0;
			defaultConfigurationName = Release;
		};
		E20F9A1816926520008B2E71 /* Build configuration list for PBXNativeTarget "MoreColorsDemo" */ = {
			isa = XCConfigurationList;
			buildConfigurations = (
				E20F9A1916926520008B2E71 /* Debug */,
				E20F9A1A16926520008B2E71 /* Release */,
			);
			defaultConfigurationIsVisible = 0;
		};
/* End XCConfigurationList section */
	};
	rootObject = E20F99F116926520008B2E71 /* Project object */;
}
